dependencies:
- name: cert-manager
  repository: https://charts.jetstack.io
  version: v1.21.2
- name: trust-manager
  repository: https://charts.jetstack.io
  version: v0.18.0
digest: sha256:ccd964dd02691d625b891170fdd9f7c843f3f2e26519bcc38a2593a5b8c48326
generated: "2026-09-20T02:51:33.540083823Z"
