dependencies:
- name: cert-manager
  repository: https://charts.jetstack.io
  version: v1.18.2
- name: trust-manager
  repository: https://charts.jetstack.io
  version: v0.25.0
digest: sha256:f178c44d5a48bd55885cb6d16a934df334b466e4416094c13f8e684df01b1827
generated: "2026-09-20T02:51:51.694807858Z"
