dependencies:
- name: cert-manager
  repository: https://charts.jetstack.io
  version: v1.18.2
- name: trust-manager
  repository: https://charts.jetstack.io
  version: v0.23.0
digest: sha256:069b674e4387fd615140d2e3b39420d5380fc9d87973b2998f33e8b27ffcedd4
generated: "2026-06-20T15:28:33.357233826Z"
